
Microsoft Visual Studio Solution File, Format Version 12.00
# Visual Studio Version 17
VisualStudioVersion = 17.0.32112.339
MinimumVisualStudioVersion = 10.0.40219.1
Project("{9A19103F-16F7-4668-BE54-9A1E7A4F7556}") = "DockerSqlApp", "DockerSqlApp\DockerSqlApp.csproj", "{7A2D95FE-A2FF-4579-83B5-D621EB9C11C0}"
EndProject
Project("{E53339B2-1760-4266-BCC7-CA923CBCF16C}") = "docker-compose", "docker-compose.dcproj", "{18166689-D734-4B5A-954E-5CE103D630ED}"
EndProject
Global
	GlobalSection(SolutionConfigurationPlatforms) = preSolution
		Debug|Any CPU = Debug|Any CPU
		Release|Any CPU = Release|Any CPU
	EndGlobalSection
	GlobalSection(ProjectConfigurationPlatforms) = postSolution
		{7A2D95FE-A2FF-4579-83B5-D621EB9C11C0}.Debug|Any CPU.ActiveCfg = Debug|Any CPU
		{7A2D95FE-A2FF-4579-83B5-D621EB9C11C0}.Debug|Any CPU.Build.0 = Debug|Any CPU
		{7A2D95FE-A2FF-4579-83B5-D621EB9C11C0}.Release|Any CPU.ActiveCfg = Release|Any CPU
		{7A2D95FE-A2FF-4579-83B5-D621EB9C11C0}.Release|Any CPU.Build.0 = Release|Any CPU
		{18166689-D734-4B5A-954E-5CE103D630ED}.Debug|Any CPU.ActiveCfg = Debug|Any CPU
		{18166689-D734-4B5A-954E-5CE103D630ED}.Debug|Any CPU.Build.0 = Debug|Any CPU
		{18166689-D734-4B5A-954E-5CE103D630ED}.Release|Any CPU.ActiveCfg = Release|Any CPU
		{18166689-D734-4B5A-954E-5CE103D630ED}.Release|Any CPU.Build.0 = Release|Any CPU
	EndGlobalSection
	GlobalSection(SolutionProperties) = preSolution
		HideSolutionNode = FALSE
	EndGlobalSection
	GlobalSection(ExtensibilityGlobals) = postSolution
		SolutionGuid = {8621DAA9-E4FE-4D12-ACD7-603EC5E3C861}
	EndGlobalSection
EndGlobal
